
Microsoft Visual Studio Solution File, Format Version 12.00
# Visual Studio Version 17
VisualStudioVersion = 17.5.33516.290
MinimumVisualStudioVersion = 10.0.40219.1
Project("{9A19103F-16F7-4668-BE54-9A1E7A4F7556}") = "SNBProject", "SNBProject\SNBProject.csproj", "{B77F7620-F48C-4C53-A094-1300CF8ECE1F}"
EndProject
Project("{9A19103F-16F7-4668-BE54-9A1E7A4F7556}") = "SNB.DAL", "SNB.DAL\SNB.DAL.csproj", "{014E821C-5600-4ED2-99D8-93C63857B761}"
EndProject
Project("{9A19103F-16F7-4668-BE54-9A1E7A4F7556}") = "SNB.BLL", "SNB.BLL\SNB.BLL.csproj", "{55EA2C0A-38F3-48FC-8A51-A9E2AF45C1A3}"
EndProject
Project("{FAE04EC0-301F-11D3-BF4B-00C04F79EFBC}") = "SNB.API", "SNB.API\SNB.API.csproj", "{86737EE6-C113-401C-AE81-AAB0DDFEF9E3}"
EndProject
Global
	GlobalSection(SolutionConfigurationPlatforms) = preSolution
		Debug|Any CPU = Debug|Any CPU
		Release|Any CPU = Release|Any CPU
	EndGlobalSection
	GlobalSection(ProjectConfigurationPlatforms) = postSolution
		{B77F7620-F48C-4C53-A094-1300CF8ECE1F}.Debug|Any CPU.ActiveCfg = Debug|Any CPU
		{B77F7620-F48C-4C53-A094-1300CF8ECE1F}.Debug|Any CPU.Build.0 = Debug|Any CPU
		{B77F7620-F48C-4C53-A094-1300CF8ECE1F}.Release|Any CPU.ActiveCfg = Release|Any CPU
		{B77F7620-F48C-4C53-A094-1300CF8ECE1F}.Release|Any CPU.Build.0 = Release|Any CPU
		{014E821C-5600-4ED2-99D8-93C63857B761}.Debug|Any CPU.ActiveCfg = Debug|Any CPU
		{014E821C-5600-4ED2-99D8-93C63857B761}.Debug|Any CPU.Build.0 = Debug|Any CPU
		{014E821C-5600-4ED2-99D8-93C63857B761}.Release|Any CPU.ActiveCfg = Release|Any CPU
		{014E821C-5600-4ED2-99D8-93C63857B761}.Release|Any CPU.Build.0 = Release|Any CPU
		{55EA2C0A-38F3-48FC-8A51-A9E2AF45C1A3}.Debug|Any CPU.ActiveCfg = Debug|Any CPU
		{55EA2C0A-38F3-48FC-8A51-A9E2AF45C1A3}.Debug|Any CPU.Build.0 = Debug|Any CPU
		{55EA2C0A-38F3-48FC-8A51-A9E2AF45C1A3}.Release|Any CPU.ActiveCfg = Release|Any CPU
		{55EA2C0A-38F3-48FC-8A51-A9E2AF45C1A3}.Release|Any CPU.Build.0 = Release|Any CPU
		{86737EE6-C113-401C-AE81-AAB0DDFEF9E3}.Debug|Any CPU.ActiveCfg = Debug|Any CPU
		{86737EE6-C113-401C-AE81-AAB0DDFEF9E3}.Debug|Any CPU.Build.0 = Debug|Any CPU
		{86737EE6-C113-401C-AE81-AAB0DDFEF9E3}.Release|Any CPU.ActiveCfg = Release|Any CPU
		{86737EE6-C113-401C-AE81-AAB0DDFEF9E3}.Release|Any CPU.Build.0 = Release|Any CPU
	EndGlobalSection
	GlobalSection(SolutionProperties) = preSolution
		HideSolutionNode = FALSE
	EndGlobalSection
	GlobalSection(ExtensibilityGlobals) = postSolution
		SolutionGuid = {F2025940-5105-4AF2-A782-D35196397359}
	EndGlobalSection
EndGlobal
